{
    "_readme": [
        "This file locks the dependencies of your project to a known state",
        "Read more about it at https://getcomposer.org/doc/01-basic-usage.md#installing-dependencies",
        "This file is @generated automatically"
    ],
    "content-hash": "be8a5855928a368d40e454501917c188",
    "packages": [
        {
            "name": "garfix/js-minify",
            "version": "1.0.0",
            "source": {
                "type": "git",
                "url": "https://github.com/garfix/js-minify.git",
                "reference": "7e4cea7193d70d73c3da0c61017b90dcf8fb8730"
            },
            "dist": {
                "type": "zip",
                "url": "https://api.github.com/repos/garfix/js-minify/zipball/7e4cea7193d70d73c3da0c61017b90dcf8fb8730",
                "reference": "7e4cea7193d70d73c3da0c61017b90dcf8fb8730",
                "shasum": ""
            },
            "require": {
                "php": ">=5.6"
            },
            "require-dev": {
                "phpunit/phpunit": "^9.5"
            },
            "type": "library",
            "autoload": {
                "psr-4": {
                    "Garfix\\": "src/"
                }
            },
            "notification-url": "https://packagist.org/downloads/",
            "license": [
                "MIT"
            ],
            "authors": [
                {
                    "name": "Patrick van Bergen",
                    "email": "patrick.vanbergen@gmail.com"
                }
            ],
            "description": "A fast Javascript minifier that removes unnecessary whitespace and comments",
            "support": {
                "issues": "https://github.com/garfix/js-minify/issues",
                "source": "https://github.com/garfix/js-minify/tree/1.0.0"
            },
            "time": "2021-10-11T18:48:57+00:00"
        }
    ],
    "packages-dev": [],
    "aliases": [],
    "minimum-stability": "stable",
    "stability-flags": [],
    "prefer-stable": false,
    "prefer-lowest": false,
    "platform": [],
    "platform-dev": [],
    "plugin-api-version": "2.2.0"
}
